
Microsoft Visual Studio Solution File, Format Version 12.00
# Visual Studio Version 17
VisualStudioVersion = 17.5.33502.453
MinimumVisualStudioVersion = 10.0.40219.1
Project("{9A19103F-16F7-4668-BE54-9A1E7A4F7556}") = "AssetManagement", "AssetManagement\AssetManagement.csproj", "{C2744CFC-B164-4271-8FF1-8DA30F18F7FE}"
EndProject
Global
	GlobalSection(SolutionConfigurationPlatforms) = preSolution
		Debug|Any CPU = Debug|Any CPU
		Release|Any CPU = Release|Any CPU
	EndGlobalSection
	GlobalSection(ProjectConfigurationPlatforms) = postSolution
		{C2744CFC-B164-4271-8FF1-8DA30F18F7FE}.Debug|Any CPU.ActiveCfg = Debug|Any CPU
		{C2744CFC-B164-4271-8FF1-8DA30F18F7FE}.Debug|Any CPU.Build.0 = Debug|Any CPU
		{C2744CFC-B164-4271-8FF1-8DA30F18F7FE}.Release|Any CPU.ActiveCfg = Release|Any CPU
		{C2744CFC-B164-4271-8FF1-8DA30F18F7FE}.Release|Any CPU.Build.0 = Release|Any CPU
	EndGlobalSection
	GlobalSection(SolutionProperties) = preSolution
		HideSolutionNode = FALSE
	EndGlobalSection
	GlobalSection(ExtensibilityGlobals) = postSolution
		SolutionGuid = {72FAE795-2650-4CDE-A639-901EF152425C}
	EndGlobalSection
EndGlobal
